
Microsoft Visual Studio Solution File, Format Version 12.00
# Visual Studio Version 17
VisualStudioVersion = 17.0.32014.148
MinimumVisualStudioVersion = 10.0.40219.1
Project("{8BC9CEB8-8B4A-11D0-8D11-00A0C91BC942}") = "C++_Assignment", "C++ Assignment\C++ Assignment.vcxproj", "{9BE68A4F-26A9-4E19-B0D1-888080E22C50}"
EndProject
Project("{8BC9CEB8-8B4A-11D0-8D11-00A0C91BC942}") = "2022_chap1", "2022_chap1\2022_chap1.vcxproj", "{2426DB90-648B-4A65-9A7F-BF6B03D94E45}"
EndProject
Project("{8BC9CEB8-8B4A-11D0-8D11-00A0C91BC942}") = "2022_chap2", "2022_chap2\2022_chap2.vcxproj", "{25EBC778-DF35-4196-8026-FFC26B51620E}"
EndProject
Project("{8BC9CEB8-8B4A-11D0-8D11-00A0C91BC942}") = "2022_chap3", "2022_chap3\2022_chap3.vcxproj", "{3D58C18D-5B79-469D-8133-6795167F66B3}"
EndProject
Project("{8BC9CEB8-8B4A-11D0-8D11-00A0C91BC942}") = "2022_chap4", "2022_chap4\2022_chap4.vcxproj", "{B80191C7-A988-4F1D-B120-27E2AF8215C9}"
EndProject
Project("{8BC9CEB8-8B4A-11D0-8D11-00A0C91BC942}") = "2022_chap4_1_포함", "2022_chap4_1_포함\2022_chap4_1_포함.vcxproj", "{9E999448-5AEF-4E47-A093-D5B94DB30801}"
EndProject
Project("{8BC9CEB8-8B4A-11D0-8D11-00A0C91BC942}") = "2022_chap4_2_상속", "2022_chap4_2_상속\2022_chap4_2_상속.vcxproj", "{1E238E7E-AF69-483E-A6AC-3793AA656563}"
EndProject
Project("{8BC9CEB8-8B4A-11D0-8D11-00A0C91BC942}") = "2022_chap4_interface", "2022_chap4_interface\2022_chap4_interface.vcxproj", "{3483EFEE-A68A-4435-8D1B-854503C64C89}"
EndProject
Global
	GlobalSection(SolutionConfigurationPlatforms) = preSolution
		Debug|x64 = Debug|x64
		Debug|x86 = Debug|x86
		Release|x64 = Release|x64
		Release|x86 = Release|x86
	EndGlobalSection
	GlobalSection(ProjectConfigurationPlatforms) = postSolution
		{9BE68A4F-26A9-4E19-B0D1-888080E22C50}.Debug|x64.ActiveCfg = Debug|x64
		{9BE68A4F-26A9-4E19-B0D1-888080E22C50}.Debug|x64.Build.0 = Debug|x64
		{9BE68A4F-26A9-4E19-B0D1-888080E22C50}.Debug|x86.ActiveCfg = Debug|Win32
		{9BE68A4F-26A9-4E19-B0D1-888080E22C50}.Debug|x86.Build.0 = Debug|Win32
		{9BE68A4F-26A9-4E19-B0D1-888080E22C50}.Release|x64.ActiveCfg = Release|x64
		{9BE68A4F-26A9-4E19-B0D1-888080E22C50}.Release|x64.Build.0 = Release|x64
		{9BE68A4F-26A9-4E19-B0D1-888080E22C50}.Release|x86.ActiveCfg = Release|Win32
		{9BE68A4F-26A9-4E19-B0D1-888080E22C50}.Release|x86.Build.0 = Release|Win32
		{2426DB90-648B-4A65-9A7F-BF6B03D94E45}.Debug|x64.ActiveCfg = Debug|x64
		{2426DB90-648B-4A65-9A7F-BF6B03D94E45}.Debug|x64.Build.0 = Debug|x64
		{2426DB90-648B-4A65-9A7F-BF6B03D94E45}.Debug|x86.ActiveCfg = Debug|Win32
		{2426DB90-648B-4A65-9A7F-BF6B03D94E45}.Debug|x86.Build.0 = Debug|Win32
		{2426DB90-648B-4A65-9A7F-BF6B03D94E45}.Release|x64.ActiveCfg = Release|x64
		{2426DB90-648B-4A65-9A7F-BF6B03D94E45}.Release|x64.Build.0 = Release|x64
		{2426DB90-648B-4A65-9A7F-BF6B03D94E45}.Release|x86.ActiveCfg = Release|Win32
		{2426DB90-648B-4A65-9A7F-BF6B03D94E45}.Release|x86.Build.0 = Release|Win32
		{25EBC778-DF35-4196-8026-FFC26B51620E}.Debug|x64.ActiveCfg = Debug|x64
		{25EBC778-DF35-4196-8026-FFC26B51620E}.Debug|x64.Build.0 = Debug|x64
		{25EBC778-DF35-4196-8026-FFC26B51620E}.Debug|x86.ActiveCfg = Debug|Win32
		{25EBC778-DF35-4196-8026-FFC26B51620E}.Debug|x86.Build.0 = Debug|Win32
		{25EBC778-DF35-4196-8026-FFC26B51620E}.Release|x64.ActiveCfg = Release|x64
		{25EBC778-DF35-4196-8026-FFC26B51620E}.Release|x64.Build.0 = Release|x64
		{25EBC778-DF35-4196-8026-FFC26B51620E}.Release|x86.ActiveCfg = Release|Win32
		{25EBC778-DF35-4196-8026-FFC26B51620E}.Release|x86.Build.0 = Release|Win32
		{3D58C18D-5B79-469D-8133-6795167F66B3}.Debug|x64.ActiveCfg = Debug|x64
		{3D58C18D-5B79-469D-8133-6795167F66B3}.Debug|x64.Build.0 = Debug|x64
		{3D58C18D-5B79-469D-8133-6795167F66B3}.Debug|x86.ActiveCfg = Debug|Win32
		{3D58C18D-5B79-469D-8133-6795167F66B3}.Debug|x86.Build.0 = Debug|Win32
		{3D58C18D-5B79-469D-8133-6795167F66B3}.Release|x64.ActiveCfg = Release|x64
		{3D58C18D-5B79-469D-8133-6795167F66B3}.Release|x64.Build.0 = Release|x64
		{3D58C18D-5B79-469D-8133-6795167F66B3}.Release|x86.ActiveCfg = Release|Win32
		{3D58C18D-5B79-469D-8133-6795167F66B3}.Release|x86.Build.0 = Release|Win32
		{B80191C7-A988-4F1D-B120-27E2AF8215C9}.Debug|x64.ActiveCfg = Debug|x64
		{B80191C7-A988-4F1D-B120-27E2AF8215C9}.Debug|x64.Build.0 = Debug|x64
		{B80191C7-A988-4F1D-B120-27E2AF8215C9}.Debug|x86.ActiveCfg = Debug|Win32
		{B80191C7-A988-4F1D-B120-27E2AF8215C9}.Debug|x86.Build.0 = Debug|Win32
		{B80191C7-A988-4F1D-B120-27E2AF8215C9}.Release|x64.ActiveCfg = Release|x64
		{B80191C7-A988-4F1D-B120-27E2AF8215C9}.Release|x64.Build.0 = Release|x64
		{B80191C7-A988-4F1D-B120-27E2AF8215C9}.Release|x86.ActiveCfg = Release|Win32
		{B80191C7-A988-4F1D-B120-27E2AF8215C9}.Release|x86.Build.0 = Release|Win32
		{9E999448-5AEF-4E47-A093-D5B94DB30801}.Debug|x64.ActiveCfg = Debug|x64
		{9E999448-5AEF-4E47-A093-D5B94DB30801}.Debug|x64.Build.0 = Debug|x64
		{9E999448-5AEF-4E47-A093-D5B94DB30801}.Debug|x86.ActiveCfg = Debug|Win32
		{9E999448-5AEF-4E47-A093-D5B94DB30801}.Debug|x86.Build.0 = Debug|Win32
		{9E999448-5AEF-4E47-A093-D5B94DB30801}.Release|x64.ActiveCfg = Release|x64
		{9E999448-5AEF-4E47-A093-D5B94DB30801}.Release|x64.Build.0 = Release|x64
		{9E999448-5AEF-4E47-A093-D5B94DB30801}.Release|x86.ActiveCfg = Release|Win32
		{9E999448-5AEF-4E47-A093-D5B94DB30801}.Release|x86.Build.0 = Release|Win32
		{1E238E7E-AF69-483E-A6AC-3793AA656563}.Debug|x64.ActiveCfg = Debug|x64
		{1E238E7E-AF69-483E-A6AC-3793AA656563}.Debug|x64.Build.0 = Debug|x64
		{1E238E7E-AF69-483E-A6AC-3793AA656563}.Debug|x86.ActiveCfg = Debug|Win32
		{1E238E7E-AF69-483E-A6AC-3793AA656563}.Debug|x86.Build.0 = Debug|Win32
		{1E238E7E-AF69-483E-A6AC-3793AA656563}.Release|x64.ActiveCfg = Release|x64
		{1E238E7E-AF69-483E-A6AC-3793AA656563}.Release|x64.Build.0 = Release|x64
		{1E238E7E-AF69-483E-A6AC-3793AA656563}.Release|x86.ActiveCfg = Release|Win32
		{1E238E7E-AF69-483E-A6AC-3793AA656563}.Release|x86.Build.0 = Release|Win32
		{3483EFEE-A68A-4435-8D1B-854503C64C89}.Debug|x64.ActiveCfg = Debug|x64
		{3483EFEE-A68A-4435-8D1B-854503C64C89}.Debug|x64.Build.0 = Debug|x64
		{3483EFEE-A68A-4435-8D1B-854503C64C89}.Debug|x86.ActiveCfg = Debug|Win32
		{3483EFEE-A68A-4435-8D1B-854503C64C89}.Debug|x86.Build.0 = Debug|Win32
		{3483EFEE-A68A-4435-8D1B-854503C64C89}.Release|x64.ActiveCfg = Release|x64
		{3483EFEE-A68A-4435-8D1B-854503C64C89}.Release|x64.Build.0 = Release|x64
		{3483EFEE-A68A-4435-8D1B-854503C64C89}.Release|x86.ActiveCfg = Release|Win32
		{3483EFEE-A68A-4435-8D1B-854503C64C89}.Release|x86.Build.0 = Release|Win32
	EndGlobalSection
	GlobalSection(SolutionProperties) = preSolution
		HideSolutionNode = FALSE
	EndGlobalSection
	GlobalSection(ExtensibilityGlobals) = postSolution
		SolutionGuid = {6C127D7B-78A6-451E-941A-5C8A555F8ECB}
	EndGlobalSection
EndGlobal
